
Microsoft Visual Studio Solution File, Format Version 12.00
# Visual Studio Version 17
VisualStudioVersion = 17.5.33424.131
MinimumVisualStudioVersion = 10.0.40219.1
Project("{9A19103F-16F7-4668-BE54-9A1E7A4F7556}") = "TokenScanner", "TokenScanner\TokenScanner.csproj", "{69E8400A-9547-4D96-8957-B2DC7A2DB5CC}"
EndProject
Global
	GlobalSection(SolutionConfigurationPlatforms) = preSolution
		Debug|Any CPU = Debug|Any CPU
		Release|Any CPU = Release|Any CPU
	EndGlobalSection
	GlobalSection(ProjectConfigurationPlatforms) = postSolution
		{69E8400A-9547-4D96-8957-B2DC7A2DB5CC}.Debug|Any CPU.ActiveCfg = Debug|Any CPU
		{69E8400A-9547-4D96-8957-B2DC7A2DB5CC}.Debug|Any CPU.Build.0 = Debug|Any CPU
		{69E8400A-9547-4D96-8957-B2DC7A2DB5CC}.Release|Any CPU.ActiveCfg = Release|Any CPU
		{69E8400A-9547-4D96-8957-B2DC7A2DB5CC}.Release|Any CPU.Build.0 = Release|Any CPU
	EndGlobalSection
	GlobalSection(SolutionProperties) = preSolution
		HideSolutionNode = FALSE
	EndGlobalSection
	GlobalSection(ExtensibilityGlobals) = postSolution
		SolutionGuid = {D3EACD4B-EB1D-41B8-A5A7-2AB47AA6AC8F}
	EndGlobalSection
EndGlobal
